
Microsoft Visual Studio Solution File, Format Version 12.00
# Visual Studio Version 16
VisualStudioVersion = 16.0.30309.148
MinimumVisualStudioVersion = 10.0.40219.1
Project("{9A19103F-16F7-4668-BE54-9A1E7A4F7556}") = "BorderCrossing", "BorderCrossing\BorderCrossing.csproj", "{D6A3EEBA-70AE-4471-9553-C40CE03A6900}"
EndProject
Project("{9A19103F-16F7-4668-BE54-9A1E7A4F7556}") = "BorderCrossing.Res", "BorderCrossing.Res\BorderCrossing.Res.csproj", "{3CB8D7B2-0B5D-499E-A1B2-3D20450F8DD4}"
EndProject
Project("{FAE04EC0-301F-11D3-BF4B-00C04F79EFBC}") = "BorderCrossing.UWP2", "BorderCrossing.UWP2\BorderCrossing.UWP2.csproj", "{7059A5C6-127B-443B-B7AD-03664FAD0461}"
EndProject
Project("{9A19103F-16F7-4668-BE54-9A1E7A4F7556}") = "BorderCrossing.Services", "BorderCrossing.Services\BorderCrossing.Services.csproj", "{490B77C2-7B2C-4F1F-9F31-E254584323F5}"
EndProject
Project("{9A19103F-16F7-4668-BE54-9A1E7A4F7556}") = "BorderCrossing.DbContext", "BorderCrossing.DbContext\BorderCrossing.DbContext.csproj", "{CCD2AFC4-FCB0-4F88-A30C-42D427DEFA34}"
EndProject
Project("{9A19103F-16F7-4668-BE54-9A1E7A4F7556}") = "BorderCrossing.Models", "BorderCrossing.Models\BorderCrossing.Models.csproj", "{0F7CF544-54A5-4E20-9ED6-534E5B2EF96B}"
EndProject
Project("{9A19103F-16F7-4668-BE54-9A1E7A4F7556}") = "BorderCrossing.Extensions", "BorderCrossing.Extensions\BorderCrossing.Extensions.csproj", "{4F43A116-4C1A-42BA-A94C-FC1B5C98D76C}"
EndProject
Project("{FAE04EC0-301F-11D3-BF4B-00C04F79EFBC}") = "BorderCrossing.Console", "BorderCrossing.Console\BorderCrossing.Console.csproj", "{83AA0592-CDF6-4095-A664-9AE7603591B0}"
EndProject
Global
	GlobalSection(SolutionConfigurationPlatforms) = preSolution
		Debug|Any CPU = Debug|Any CPU
		Debug|ARM = Debug|ARM
		Debug|ARM64 = Debug|ARM64
		Debug|x64 = Debug|x64
		Debug|x86 = Debug|x86
		Ghpages|Any CPU = Ghpages|Any CPU
		Ghpages|ARM = Ghpages|ARM
		Ghpages|ARM64 = Ghpages|ARM64
		Ghpages|x64 = Ghpages|x64
		Ghpages|x86 = Ghpages|x86
		Release|Any CPU = Release|Any CPU
		Release|ARM = Release|ARM
		Release|ARM64 = Release|ARM64
		Release|x64 = Release|x64
		Release|x86 = Release|x86
	EndGlobalSection
	GlobalSection(ProjectConfigurationPlatforms) = postSolution
		{D6A3EEBA-70AE-4471-9553-C40CE03A6900}.Debug|Any CPU.ActiveCfg = Debug|Any CPU
		{D6A3EEBA-70AE-4471-9553-C40CE03A6900}.Debug|Any CPU.Build.0 = Debug|Any CPU
		{D6A3EEBA-70AE-4471-9553-C40CE03A6900}.Debug|ARM.ActiveCfg = Debug|Any CPU
		{D6A3EEBA-70AE-4471-9553-C40CE03A6900}.Debug|ARM.Build.0 = Debug|Any CPU
		{D6A3EEBA-70AE-4471-9553-C40CE03A6900}.Debug|ARM64.ActiveCfg = Debug|Any CPU
		{D6A3EEBA-70AE-4471-9553-C40CE03A6900}.Debug|ARM64.Build.0 = Debug|Any CPU
		{D6A3EEBA-70AE-4471-9553-C40CE03A6900}.Debug|x64.ActiveCfg = Debug|Any CPU
		{D6A3EEBA-70AE-4471-9553-C40CE03A6900}.Debug|x64.Build.0 = Debug|Any CPU
		{D6A3EEBA-70AE-4471-9553-C40CE03A6900}.Debug|x86.ActiveCfg = Debug|Any CPU
		{D6A3EEBA-70AE-4471-9553-C40CE03A6900}.Debug|x86.Build.0 = Debug|Any CPU
		{D6A3EEBA-70AE-4471-9553-C40CE03A6900}.Ghpages|Any CPU.ActiveCfg = Release|Any CPU
		{D6A3EEBA-70AE-4471-9553-C40CE03A6900}.Ghpages|Any CPU.Build.0 = Release|Any CPU
		{D6A3EEBA-70AE-4471-9553-C40CE03A6900}.Ghpages|ARM.ActiveCfg = Release|Any CPU
		{D6A3EEBA-70AE-4471-9553-C40CE03A6900}.Ghpages|ARM.Build.0 = Release|Any CPU
		{D6A3EEBA-70AE-4471-9553-C40CE03A6900}.Ghpages|ARM64.ActiveCfg = Release|Any CPU
		{D6A3EEBA-70AE-4471-9553-C40CE03A6900}.Ghpages|ARM64.Build.0 = Release|Any CPU
		{D6A3EEBA-70AE-4471-9553-C40CE03A6900}.Ghpages|x64.ActiveCfg = Release|Any CPU
		{D6A3EEBA-70AE-4471-9553-C40CE03A6900}.Ghpages|x64.Build.0 = Release|Any CPU
		{D6A3EEBA-70AE-4471-9553-C40CE03A6900}.Ghpages|x86.ActiveCfg = Release|Any CPU
		{D6A3EEBA-70AE-4471-9553-C40CE03A6900}.Ghpages|x86.Build.0 = Release|Any CPU
		{D6A3EEBA-70AE-4471-9553-C40CE03A6900}.Release|Any CPU.ActiveCfg = Release|Any CPU
		{D6A3EEBA-70AE-4471-9553-C40CE03A6900}.Release|Any CPU.Build.0 = Release|Any CPU
		{D6A3EEBA-70AE-4471-9553-C40CE03A6900}.Release|ARM.ActiveCfg = Release|Any CPU
		{D6A3EEBA-70AE-4471-9553-C40CE03A6900}.Release|ARM.Build.0 = Release|Any CPU
		{D6A3EEBA-70AE-4471-9553-C40CE03A6900}.Release|ARM64.ActiveCfg = Release|Any CPU
		{D6A3EEBA-70AE-4471-9553-C40CE03A6900}.Release|ARM64.Build.0 = Release|Any CPU
		{D6A3EEBA-70AE-4471-9553-C40CE03A6900}.Release|x64.ActiveCfg = Release|Any CPU
		{D6A3EEBA-70AE-4471-9553-C40CE03A6900}.Release|x64.Build.0 = Release|Any CPU
		{D6A3EEBA-70AE-4471-9553-C40CE03A6900}.Release|x86.ActiveCfg = Release|Any CPU
		{D6A3EEBA-70AE-4471-9553-C40CE03A6900}.Release|x86.Build.0 = Release|Any CPU
		{3CB8D7B2-0B5D-499E-A1B2-3D20450F8DD4}.Debug|Any CPU.ActiveCfg = Debug|Any CPU
		{3CB8D7B2-0B5D-499E-A1B2-3D20450F8DD4}.Debug|Any CPU.Build.0 = Debug|Any CPU
		{3CB8D7B2-0B5D-499E-A1B2-3D20450F8DD4}.Debug|ARM.ActiveCfg = Debug|Any CPU
		{3CB8D7B2-0B5D-499E-A1B2-3D20450F8DD4}.Debug|ARM.Build.0 = Debug|Any CPU
		{3CB8D7B2-0B5D-499E-A1B2-3D20450F8DD4}.Debug|ARM64.ActiveCfg = Debug|Any CPU
		{3CB8D7B2-0B5D-499E-A1B2-3D20450F8DD4}.Debug|ARM64.Build.0 = Debug|Any CPU
		{3CB8D7B2-0B5D-499E-A1B2-3D20450F8DD4}.Debug|x64.ActiveCfg = Debug|Any CPU
		{3CB8D7B2-0B5D-499E-A1B2-3D20450F8DD4}.Debug|x64.Build.0 = Debug|Any CPU
		{3CB8D7B2-0B5D-499E-A1B2-3D20450F8DD4}.Debug|x86.ActiveCfg = Debug|Any CPU
		{3CB8D7B2-0B5D-499E-A1B2-3D20450F8DD4}.Debug|x86.Build.0 = Debug|Any CPU
		{3CB8D7B2-0B5D-499E-A1B2-3D20450F8DD4}.Ghpages|Any CPU.ActiveCfg = Debug|Any CPU
		{3CB8D7B2-0B5D-499E-A1B2-3D20450F8DD4}.Ghpages|Any CPU.Build.0 = Debug|Any CPU
		{3CB8D7B2-0B5D-499E-A1B2-3D20450F8DD4}.Ghpages|ARM.ActiveCfg = Debug|Any CPU
		{3CB8D7B2-0B5D-499E-A1B2-3D20450F8DD4}.Ghpages|ARM.Build.0 = Debug|Any CPU
		{3CB8D7B2-0B5D-499E-A1B2-3D20450F8DD4}.Ghpages|ARM64.ActiveCfg = Debug|Any CPU
		{3CB8D7B2-0B5D-499E-A1B2-3D20450F8DD4}.Ghpages|ARM64.Build.0 = Debug|Any CPU
		{3CB8D7B2-0B5D-499E-A1B2-3D20450F8DD4}.Ghpages|x64.ActiveCfg = Debug|Any CPU
		{3CB8D7B2-0B5D-499E-A1B2-3D20450F8DD4}.Ghpages|x64.Build.0 = Debug|Any CPU
		{3CB8D7B2-0B5D-499E-A1B2-3D20450F8DD4}.Ghpages|x86.ActiveCfg = Debug|Any CPU
		{3CB8D7B2-0B5D-499E-A1B2-3D20450F8DD4}.Ghpages|x86.Build.0 = Debug|Any CPU
		{3CB8D7B2-0B5D-499E-A1B2-3D20450F8DD4}.Release|Any CPU.ActiveCfg = Release|Any CPU
		{3CB8D7B2-0B5D-499E-A1B2-3D20450F8DD4}.Release|Any CPU.Build.0 = Release|Any CPU
		{3CB8D7B2-0B5D-499E-A1B2-3D20450F8DD4}.Release|ARM.ActiveCfg = Release|Any CPU
		{3CB8D7B2-0B5D-499E-A1B2-3D20450F8DD4}.Release|ARM.Build.0 = Release|Any CPU
		{3CB8D7B2-0B5D-499E-A1B2-3D20450F8DD4}.Release|ARM64.ActiveCfg = Release|Any CPU
		{3CB8D7B2-0B5D-499E-A1B2-3D20450F8DD4}.Release|ARM64.Build.0 = Release|Any CPU
		{3CB8D7B2-0B5D-499E-A1B2-3D20450F8DD4}.Release|x64.ActiveCfg = Release|Any CPU
		{3CB8D7B2-0B5D-499E-A1B2-3D20450F8DD4}.Release|x64.Build.0 = Release|Any CPU
		{3CB8D7B2-0B5D-499E-A1B2-3D20450F8DD4}.Release|x86.ActiveCfg = Release|Any CPU
		{3CB8D7B2-0B5D-499E-A1B2-3D20450F8DD4}.Release|x86.Build.0 = Release|Any CPU
		{7059A5C6-127B-443B-B7AD-03664FAD0461}.Debug|Any CPU.ActiveCfg = Debug|x86
		{7059A5C6-127B-443B-B7AD-03664FAD0461}.Debug|ARM.ActiveCfg = Debug|ARM
		{7059A5C6-127B-443B-B7AD-03664FAD0461}.Debug|ARM.Build.0 = Debug|ARM
		{7059A5C6-127B-443B-B7AD-03664FAD0461}.Debug|ARM.Deploy.0 = Debug|ARM
		{7059A5C6-127B-443B-B7AD-03664FAD0461}.Debug|ARM64.ActiveCfg = Debug|ARM64
		{7059A5C6-127B-443B-B7AD-03664FAD0461}.Debug|ARM64.Build.0 = Debug|ARM64
		{7059A5C6-127B-443B-B7AD-03664FAD0461}.Debug|ARM64.Deploy.0 = Debug|ARM64
		{7059A5C6-127B-443B-B7AD-03664FAD0461}.Debug|x64.ActiveCfg = Debug|x64
		{7059A5C6-127B-443B-B7AD-03664FAD0461}.Debug|x64.Build.0 = Debug|x64
		{7059A5C6-127B-443B-B7AD-03664FAD0461}.Debug|x64.Deploy.0 = Debug|x64
		{7059A5C6-127B-443B-B7AD-03664FAD0461}.Debug|x86.ActiveCfg = Debug|x86
		{7059A5C6-127B-443B-B7AD-03664FAD0461}.Debug|x86.Build.0 = Debug|x86
		{7059A5C6-127B-443B-B7AD-03664FAD0461}.Debug|x86.Deploy.0 = Debug|x86
		{7059A5C6-127B-443B-B7AD-03664FAD0461}.Ghpages|Any CPU.ActiveCfg = Release|x64
		{7059A5C6-127B-443B-B7AD-03664FAD0461}.Ghpages|Any CPU.Build.0 = Release|x64
		{7059A5C6-127B-443B-B7AD-03664FAD0461}.Ghpages|Any CPU.Deploy.0 = Release|x64
		{7059A5C6-127B-443B-B7AD-03664FAD0461}.Ghpages|ARM.ActiveCfg = Release|ARM
		{7059A5C6-127B-443B-B7AD-03664FAD0461}.Ghpages|ARM.Build.0 = Release|ARM
		{7059A5C6-127B-443B-B7AD-03664FAD0461}.Ghpages|ARM.Deploy.0 = Release|ARM
		{7059A5C6-127B-443B-B7AD-03664FAD0461}.Ghpages|ARM64.ActiveCfg = Release|ARM64
		{7059A5C6-127B-443B-B7AD-03664FAD0461}.Ghpages|ARM64.Build.0 = Release|ARM64
		{7059A5C6-127B-443B-B7AD-03664FAD0461}.Ghpages|ARM64.Deploy.0 = Release|ARM64
		{7059A5C6-127B-443B-B7AD-03664FAD0461}.Ghpages|x64.ActiveCfg = Release|x64
		{7059A5C6-127B-443B-B7AD-03664FAD0461}.Ghpages|x64.Build.0 = Release|x64
		{7059A5C6-127B-443B-B7AD-03664FAD0461}.Ghpages|x64.Deploy.0 = Release|x64
		{7059A5C6-127B-443B-B7AD-03664FAD0461}.Ghpages|x86.ActiveCfg = Release|x86
		{7059A5C6-127B-443B-B7AD-03664FAD0461}.Ghpages|x86.Build.0 = Release|x86
		{7059A5C6-127B-443B-B7AD-03664FAD0461}.Ghpages|x86.Deploy.0 = Release|x86
		{7059A5C6-127B-443B-B7AD-03664FAD0461}.Release|Any CPU.ActiveCfg = Release|x86
		{7059A5C6-127B-443B-B7AD-03664FAD0461}.Release|ARM.ActiveCfg = Release|ARM
		{7059A5C6-127B-443B-B7AD-03664FAD0461}.Release|ARM.Build.0 = Release|ARM
		{7059A5C6-127B-443B-B7AD-03664FAD0461}.Release|ARM.Deploy.0 = Release|ARM
		{7059A5C6-127B-443B-B7AD-03664FAD0461}.Release|ARM64.ActiveCfg = Release|ARM64
		{7059A5C6-127B-443B-B7AD-03664FAD0461}.Release|ARM64.Build.0 = Release|ARM64
		{7059A5C6-127B-443B-B7AD-03664FAD0461}.Release|ARM64.Deploy.0 = Release|ARM64
		{7059A5C6-127B-443B-B7AD-03664FAD0461}.Release|x64.ActiveCfg = Release|x64
		{7059A5C6-127B-443B-B7AD-03664FAD0461}.Release|x64.Build.0 = Release|x64
		{7059A5C6-127B-443B-B7AD-03664FAD0461}.Release|x64.Deploy.0 = Release|x64
		{7059A5C6-127B-443B-B7AD-03664FAD0461}.Release|x86.ActiveCfg = Release|x86
		{7059A5C6-127B-443B-B7AD-03664FAD0461}.Release|x86.Build.0 = Release|x86
		{7059A5C6-127B-443B-B7AD-03664FAD0461}.Release|x86.Deploy.0 = Release|x86
		{490B77C2-7B2C-4F1F-9F31-E254584323F5}.Debug|Any CPU.ActiveCfg = Debug|Any CPU
		{490B77C2-7B2C-4F1F-9F31-E254584323F5}.Debug|Any CPU.Build.0 = Debug|Any CPU
		{490B77C2-7B2C-4F1F-9F31-E254584323F5}.Debug|ARM.ActiveCfg = Debug|Any CPU
		{490B77C2-7B2C-4F1F-9F31-E254584323F5}.Debug|ARM.Build.0 = Debug|Any CPU
		{490B77C2-7B2C-4F1F-9F31-E254584323F5}.Debug|ARM64.ActiveCfg = Debug|Any CPU
		{490B77C2-7B2C-4F1F-9F31-E254584323F5}.Debug|ARM64.Build.0 = Debug|Any CPU
		{490B77C2-7B2C-4F1F-9F31-E254584323F5}.Debug|x64.ActiveCfg = Debug|Any CPU
		{490B77C2-7B2C-4F1F-9F31-E254584323F5}.Debug|x64.Build.0 = Debug|Any CPU
		{490B77C2-7B2C-4F1F-9F31-E254584323F5}.Debug|x86.ActiveCfg = Debug|Any CPU
		{490B77C2-7B2C-4F1F-9F31-E254584323F5}.Debug|x86.Build.0 = Debug|Any CPU
		{490B77C2-7B2C-4F1F-9F31-E254584323F5}.Ghpages|Any CPU.ActiveCfg = Debug|Any CPU
		{490B77C2-7B2C-4F1F-9F31-E254584323F5}.Ghpages|Any CPU.Build.0 = Debug|Any CPU
		{490B77C2-7B2C-4F1F-9F31-E254584323F5}.Ghpages|ARM.ActiveCfg = Debug|Any CPU
		{490B77C2-7B2C-4F1F-9F31-E254584323F5}.Ghpages|ARM.Build.0 = Debug|Any CPU
		{490B77C2-7B2C-4F1F-9F31-E254584323F5}.Ghpages|ARM64.ActiveCfg = Debug|Any CPU
		{490B77C2-7B2C-4F1F-9F31-E254584323F5}.Ghpages|ARM64.Build.0 = Debug|Any CPU
		{490B77C2-7B2C-4F1F-9F31-E254584323F5}.Ghpages|x64.ActiveCfg = Debug|Any CPU
		{490B77C2-7B2C-4F1F-9F31-E254584323F5}.Ghpages|x64.Build.0 = Debug|Any CPU
		{490B77C2-7B2C-4F1F-9F31-E254584323F5}.Ghpages|x86.ActiveCfg = Debug|Any CPU
		{490B77C2-7B2C-4F1F-9F31-E254584323F5}.Ghpages|x86.Build.0 = Debug|Any CPU
		{490B77C2-7B2C-4F1F-9F31-E254584323F5}.Release|Any CPU.ActiveCfg = Release|Any CPU
		{490B77C2-7B2C-4F1F-9F31-E254584323F5}.Release|Any CPU.Build.0 = Release|Any CPU
		{490B77C2-7B2C-4F1F-9F31-E254584323F5}.Release|ARM.ActiveCfg = Release|Any CPU
		{490B77C2-7B2C-4F1F-9F31-E254584323F5}.Release|ARM.Build.0 = Release|Any CPU
		{490B77C2-7B2C-4F1F-9F31-E254584323F5}.Release|ARM64.ActiveCfg = Release|Any CPU
		{490B77C2-7B2C-4F1F-9F31-E254584323F5}.Release|ARM64.Build.0 = Release|Any CPU
		{490B77C2-7B2C-4F1F-9F31-E254584323F5}.Release|x64.ActiveCfg = Release|Any CPU
		{490B77C2-7B2C-4F1F-9F31-E254584323F5}.Release|x64.Build.0 = Release|Any CPU
		{490B77C2-7B2C-4F1F-9F31-E254584323F5}.Release|x86.ActiveCfg = Release|Any CPU
		{490B77C2-7B2C-4F1F-9F31-E254584323F5}.Release|x86.Build.0 = Release|Any CPU
		{CCD2AFC4-FCB0-4F88-A30C-42D427DEFA34}.Debug|Any CPU.ActiveCfg = Debug|Any CPU
		{CCD2AFC4-FCB0-4F88-A30C-42D427DEFA34}.Debug|Any CPU.Build.0 = Debug|Any CPU
		{CCD2AFC4-FCB0-4F88-A30C-42D427DEFA34}.Debug|ARM.ActiveCfg = Debug|Any CPU
		{CCD2AFC4-FCB0-4F88-A30C-42D427DEFA34}.Debug|ARM.Build.0 = Debug|Any CPU
		{CCD2AFC4-FCB0-4F88-A30C-42D427DEFA34}.Debug|ARM64.ActiveCfg = Debug|Any CPU
		{CCD2AFC4-FCB0-4F88-A30C-42D427DEFA34}.Debug|ARM64.Build.0 = Debug|Any CPU
		{CCD2AFC4-FCB0-4F88-A30C-42D427DEFA34}.Debug|x64.ActiveCfg = Debug|Any CPU
		{CCD2AFC4-FCB0-4F88-A30C-42D427DEFA34}.Debug|x64.Build.0 = Debug|Any CPU
		{CCD2AFC4-FCB0-4F88-A30C-42D427DEFA34}.Debug|x86.ActiveCfg = Debug|Any CPU
		{CCD2AFC4-FCB0-4F88-A30C-42D427DEFA34}.Debug|x86.Build.0 = Debug|Any CPU
		{CCD2AFC4-FCB0-4F88-A30C-42D427DEFA34}.Ghpages|Any CPU.ActiveCfg = Debug|Any CPU
		{CCD2AFC4-FCB0-4F88-A30C-42D427DEFA34}.Ghpages|Any CPU.Build.0 = Debug|Any CPU
		{CCD2AFC4-FCB0-4F88-A30C-42D427DEFA34}.Ghpages|ARM.ActiveCfg = Debug|Any CPU
		{CCD2AFC4-FCB0-4F88-A30C-42D427DEFA34}.Ghpages|ARM.Build.0 = Debug|Any CPU
		{CCD2AFC4-FCB0-4F88-A30C-42D427DEFA34}.Ghpages|ARM64.ActiveCfg = Debug|Any CPU
		{CCD2AFC4-FCB0-4F88-A30C-42D427DEFA34}.Ghpages|ARM64.Build.0 = Debug|Any CPU
		{CCD2AFC4-FCB0-4F88-A30C-42D427DEFA34}.Ghpages|x64.ActiveCfg = Debug|Any CPU
		{CCD2AFC4-FCB0-4F88-A30C-42D427DEFA34}.Ghpages|x64.Build.0 = Debug|Any CPU
		{CCD2AFC4-FCB0-4F88-A30C-42D427DEFA34}.Ghpages|x86.ActiveCfg = Debug|Any CPU
		{CCD2AFC4-FCB0-4F88-A30C-42D427DEFA34}.Ghpages|x86.Build.0 = Debug|Any CPU
		{CCD2AFC4-FCB0-4F88-A30C-42D427DEFA34}.Release|Any CPU.ActiveCfg = Release|Any CPU
		{CCD2AFC4-FCB0-4F88-A30C-42D427DEFA34}.Release|Any CPU.Build.0 = Release|Any CPU
		{CCD2AFC4-FCB0-4F88-A30C-42D427DEFA34}.Release|ARM.ActiveCfg = Release|Any CPU
		{CCD2AFC4-FCB0-4F88-A30C-42D427DEFA34}.Release|ARM.Build.0 = Release|Any CPU
		{CCD2AFC4-FCB0-4F88-A30C-42D427DEFA34}.Release|ARM64.ActiveCfg = Release|Any CPU
		{CCD2AFC4-FCB0-4F88-A30C-42D427DEFA34}.Release|ARM64.Build.0 = Release|Any CPU
		{CCD2AFC4-FCB0-4F88-A30C-42D427DEFA34}.Release|x64.ActiveCfg = Release|Any CPU
		{CCD2AFC4-FCB0-4F88-A30C-42D427DEFA34}.Release|x64.Build.0 = Release|Any CPU
		{CCD2AFC4-FCB0-4F88-A30C-42D427DEFA34}.Release|x86.ActiveCfg = Release|Any CPU
		{CCD2AFC4-FCB0-4F88-A30C-42D427DEFA34}.Release|x86.Build.0 = Release|Any CPU
		{0F7CF544-54A5-4E20-9ED6-534E5B2EF96B}.Debug|Any CPU.ActiveCfg = Debug|Any CPU
		{0F7CF544-54A5-4E20-9ED6-534E5B2EF96B}.Debug|Any CPU.Build.0 = Debug|Any CPU
		{0F7CF544-54A5-4E20-9ED6-534E5B2EF96B}.Debug|ARM.ActiveCfg = Debug|Any CPU
		{0F7CF544-54A5-4E20-9ED6-534E5B2EF96B}.Debug|ARM.Build.0 = Debug|Any CPU
		{0F7CF544-54A5-4E20-9ED6-534E5B2EF96B}.Debug|ARM64.ActiveCfg = Debug|Any CPU
		{0F7CF544-54A5-4E20-9ED6-534E5B2EF96B}.Debug|ARM64.Build.0 = Debug|Any CPU
		{0F7CF544-54A5-4E20-9ED6-534E5B2EF96B}.Debug|x64.ActiveCfg = Debug|Any CPU
		{0F7CF544-54A5-4E20-9ED6-534E5B2EF96B}.Debug|x64.Build.0 = Debug|Any CPU
		{0F7CF544-54A5-4E20-9ED6-534E5B2EF96B}.Debug|x86.ActiveCfg = Debug|Any CPU
		{0F7CF544-54A5-4E20-9ED6-534E5B2EF96B}.Debug|x86.Build.0 = Debug|Any CPU
		{0F7CF544-54A5-4E20-9ED6-534E5B2EF96B}.Ghpages|Any CPU.ActiveCfg = Debug|Any CPU
		{0F7CF544-54A5-4E20-9ED6-534E5B2EF96B}.Ghpages|Any CPU.Build.0 = Debug|Any CPU
		{0F7CF544-54A5-4E20-9ED6-534E5B2EF96B}.Ghpages|ARM.ActiveCfg = Debug|Any CPU
		{0F7CF544-54A5-4E20-9ED6-534E5B2EF96B}.Ghpages|ARM.Build.0 = Debug|Any CPU
		{0F7CF544-54A5-4E20-9ED6-534E5B2EF96B}.Ghpages|ARM64.ActiveCfg = Debug|Any CPU
		{0F7CF544-54A5-4E20-9ED6-534E5B2EF96B}.Ghpages|ARM64.Build.0 = Debug|Any CPU
		{0F7CF544-54A5-4E20-9ED6-534E5B2EF96B}.Ghpages|x64.ActiveCfg = Debug|Any CPU
		{0F7CF544-54A5-4E20-9ED6-534E5B2EF96B}.Ghpages|x64.Build.0 = Debug|Any CPU
		{0F7CF544-54A5-4E20-9ED6-534E5B2EF96B}.Ghpages|x86.ActiveCfg = Debug|Any CPU
		{0F7CF544-54A5-4E20-9ED6-534E5B2EF96B}.Ghpages|x86.Build.0 = Debug|Any CPU
		{0F7CF544-54A5-4E20-9ED6-534E5B2EF96B}.Release|Any CPU.ActiveCfg = Release|Any CPU
		{0F7CF544-54A5-4E20-9ED6-534E5B2EF96B}.Release|Any CPU.Build.0 = Release|Any CPU
		{0F7CF544-54A5-4E20-9ED6-534E5B2EF96B}.Release|ARM.ActiveCfg = Release|Any CPU
		{0F7CF544-54A5-4E20-9ED6-534E5B2EF96B}.Release|ARM.Build.0 = Release|Any CPU
		{0F7CF544-54A5-4E20-9ED6-534E5B2EF96B}.Release|ARM64.ActiveCfg = Release|Any CPU
		{0F7CF544-54A5-4E20-9ED6-534E5B2EF96B}.Release|ARM64.Build.0 = Release|Any CPU
		{0F7CF544-54A5-4E20-9ED6-534E5B2EF96B}.Release|x64.ActiveCfg = Release|Any CPU
		{0F7CF544-54A5-4E20-9ED6-534E5B2EF96B}.Release|x64.Build.0 = Release|Any CPU
		{0F7CF544-54A5-4E20-9ED6-534E5B2EF96B}.Release|x86.ActiveCfg = Release|Any CPU
		{0F7CF544-54A5-4E20-9ED6-534E5B2EF96B}.Release|x86.Build.0 = Release|Any CPU
		{4F43A116-4C1A-42BA-A94C-FC1B5C98D76C}.Debug|Any CPU.ActiveCfg = Debug|Any CPU
		{4F43A116-4C1A-42BA-A94C-FC1B5C98D76C}.Debug|Any CPU.Build.0 = Debug|Any CPU
		{4F43A116-4C1A-42BA-A94C-FC1B5C98D76C}.Debug|ARM.ActiveCfg = Debug|Any CPU
		{4F43A116-4C1A-42BA-A94C-FC1B5C98D76C}.Debug|ARM.Build.0 = Debug|Any CPU
		{4F43A116-4C1A-42BA-A94C-FC1B5C98D76C}.Debug|ARM64.ActiveCfg = Debug|Any CPU
		{4F43A116-4C1A-42BA-A94C-FC1B5C98D76C}.Debug|ARM64.Build.0 = Debug|Any CPU
		{4F43A116-4C1A-42BA-A94C-FC1B5C98D76C}.Debug|x64.ActiveCfg = Debug|Any CPU
		{4F43A116-4C1A-42BA-A94C-FC1B5C98D76C}.Debug|x64.Build.0 = Debug|Any CPU
		{4F43A116-4C1A-42BA-A94C-FC1B5C98D76C}.Debug|x86.ActiveCfg = Debug|Any CPU
		{4F43A116-4C1A-42BA-A94C-FC1B5C98D76C}.Debug|x86.Build.0 = Debug|Any CPU
		{4F43A116-4C1A-42BA-A94C-FC1B5C98D76C}.Ghpages|Any CPU.ActiveCfg = Debug|Any CPU
		{4F43A116-4C1A-42BA-A94C-FC1B5C98D76C}.Ghpages|Any CPU.Build.0 = Debug|Any CPU
		{4F43A116-4C1A-42BA-A94C-FC1B5C98D76C}.Ghpages|ARM.ActiveCfg = Debug|Any CPU
		{4F43A116-4C1A-42BA-A94C-FC1B5C98D76C}.Ghpages|ARM.Build.0 = Debug|Any CPU
		{4F43A116-4C1A-42BA-A94C-FC1B5C98D76C}.Ghpages|ARM64.ActiveCfg = Debug|Any CPU
		{4F43A116-4C1A-42BA-A94C-FC1B5C98D76C}.Ghpages|ARM64.Build.0 = Debug|Any CPU
		{4F43A116-4C1A-42BA-A94C-FC1B5C98D76C}.Ghpages|x64.ActiveCfg = Debug|Any CPU
		{4F43A116-4C1A-42BA-A94C-FC1B5C98D76C}.Ghpages|x64.Build.0 = Debug|Any CPU
		{4F43A116-4C1A-42BA-A94C-FC1B5C98D76C}.Ghpages|x86.ActiveCfg = Debug|Any CPU
		{4F43A116-4C1A-42BA-A94C-FC1B5C98D76C}.Ghpages|x86.Build.0 = Debug|Any CPU
		{4F43A116-4C1A-42BA-A94C-FC1B5C98D76C}.Release|Any CPU.ActiveCfg = Release|Any CPU
		{4F43A116-4C1A-42BA-A94C-FC1B5C98D76C}.Release|Any CPU.Build.0 = Release|Any CPU
		{4F43A116-4C1A-42BA-A94C-FC1B5C98D76C}.Release|ARM.ActiveCfg = Release|Any CPU
		{4F43A116-4C1A-42BA-A94C-FC1B5C98D76C}.Release|ARM.Build.0 = Release|Any CPU
		{4F43A116-4C1A-42BA-A94C-FC1B5C98D76C}.Release|ARM64.ActiveCfg = Release|Any CPU
		{4F43A116-4C1A-42BA-A94C-FC1B5C98D76C}.Release|ARM64.Build.0 = Release|Any CPU
		{4F43A116-4C1A-42BA-A94C-FC1B5C98D76C}.Release|x64.ActiveCfg = Release|Any CPU
		{4F43A116-4C1A-42BA-A94C-FC1B5C98D76C}.Release|x64.Build.0 = Release|Any CPU
		{4F43A116-4C1A-42BA-A94C-FC1B5C98D76C}.Release|x86.ActiveCfg = Release|Any CPU
		{4F43A116-4C1A-42BA-A94C-FC1B5C98D76C}.Release|x86.Build.0 = Release|Any CPU
		{83AA0592-CDF6-4095-A664-9AE7603591B0}.Debug|Any CPU.ActiveCfg = Debug|Any CPU
		{83AA0592-CDF6-4095-A664-9AE7603591B0}.Debug|Any CPU.Build.0 = Debug|Any CPU
		{83AA0592-CDF6-4095-A664-9AE7603591B0}.Debug|ARM.ActiveCfg = Debug|Any CPU
		{83AA0592-CDF6-4095-A664-9AE7603591B0}.Debug|ARM.Build.0 = Debug|Any CPU
		{83AA0592-CDF6-4095-A664-9AE7603591B0}.Debug|ARM64.ActiveCfg = Debug|Any CPU
		{83AA0592-CDF6-4095-A664-9AE7603591B0}.Debug|ARM64.Build.0 = Debug|Any CPU
		{83AA0592-CDF6-4095-A664-9AE7603591B0}.Debug|x64.ActiveCfg = Debug|Any CPU
		{83AA0592-CDF6-4095-A664-9AE7603591B0}.Debug|x64.Build.0 = Debug|Any CPU
		{83AA0592-CDF6-4095-A664-9AE7603591B0}.Debug|x86.ActiveCfg = Debug|Any CPU
		{83AA0592-CDF6-4095-A664-9AE7603591B0}.Debug|x86.Build.0 = Debug|Any CPU
		{83AA0592-CDF6-4095-A664-9AE7603591B0}.Ghpages|Any CPU.ActiveCfg = Debug|Any CPU
		{83AA0592-CDF6-4095-A664-9AE7603591B0}.Ghpages|Any CPU.Build.0 = Debug|Any CPU
		{83AA0592-CDF6-4095-A664-9AE7603591B0}.Ghpages|ARM.ActiveCfg = Debug|Any CPU
		{83AA0592-CDF6-4095-A664-9AE7603591B0}.Ghpages|ARM.Build.0 = Debug|Any CPU
		{83AA0592-CDF6-4095-A664-9AE7603591B0}.Ghpages|ARM64.ActiveCfg = Debug|Any CPU
		{83AA0592-CDF6-4095-A664-9AE7603591B0}.Ghpages|ARM64.Build.0 = Debug|Any CPU
		{83AA0592-CDF6-4095-A664-9AE7603591B0}.Ghpages|x64.ActiveCfg = Debug|Any CPU
		{83AA0592-CDF6-4095-A664-9AE7603591B0}.Ghpages|x64.Build.0 = Debug|Any CPU
		{83AA0592-CDF6-4095-A664-9AE7603591B0}.Ghpages|x86.ActiveCfg = Debug|Any CPU
		{83AA0592-CDF6-4095-A664-9AE7603591B0}.Ghpages|x86.Build.0 = Debug|Any CPU
		{83AA0592-CDF6-4095-A664-9AE7603591B0}.Release|Any CPU.ActiveCfg = Release|Any CPU
		{83AA0592-CDF6-4095-A664-9AE7603591B0}.Release|Any CPU.Build.0 = Release|Any CPU
		{83AA0592-CDF6-4095-A664-9AE7603591B0}.Release|ARM.ActiveCfg = Release|Any CPU
		{83AA0592-CDF6-4095-A664-9AE7603591B0}.Release|ARM.Build.0 = Release|Any CPU
		{83AA0592-CDF6-4095-A664-9AE7603591B0}.Release|ARM64.ActiveCfg = Release|Any CPU
		{83AA0592-CDF6-4095-A664-9AE7603591B0}.Release|ARM64.Build.0 = Release|Any CPU
		{83AA0592-CDF6-4095-A664-9AE7603591B0}.Release|x64.ActiveCfg = Release|Any CPU
		{83AA0592-CDF6-4095-A664-9AE7603591B0}.Release|x64.Build.0 = Release|Any CPU
		{83AA0592-CDF6-4095-A664-9AE7603591B0}.Release|x86.ActiveCfg = Release|Any CPU
		{83AA0592-CDF6-4095-A664-9AE7603591B0}.Release|x86.Build.0 = Release|Any CPU
	EndGlobalSection
	GlobalSection(SolutionProperties) = preSolution
		HideSolutionNode = FALSE
	EndGlobalSection
	GlobalSection(ExtensibilityGlobals) = postSolution
		SolutionGuid = {B4482B58-1667-4216-8335-CE502F72A5F5}
		RESX_PrefixTranslations = False
	EndGlobalSection
EndGlobal
